// !$*UTF8*$!
{
	archiveVersion = 1;
	classes = {
	};
	objectVersion = 77;
	objects = {

/* Begin PBXContainerItemProxy section */
		913C7B3B2CEDF39E0015A988 /* PBXContainerItemProxy */ = {
			isa = PBXContainerItemProxy;
			containerPortal = 913C7B222CEDF39C0015A988 /* Project object */;
			proxyType = 1;
			remoteGlobalIDString = 913C7B292CEDF39C0015A988;
			remoteInfo = "TiltTest-Attitute-Value-Check";
		};
		913C7B452CEDF39E0015A988 /* PBXContainerItemProxy */ = {
			isa = PBXContainerItemProxy;
			containerPortal = 913C7B222CEDF39C0015A988 /* Project object */;
			proxyType = 1;
			remoteGlobalIDString = 913C7B292CEDF39C0015A988;
			remoteInfo = "TiltTest-Attitute-Value-Check";
		};
/* End PBXContainerItemProxy section */

/* Begin PBXFileReference section */
		913C7B2A2CEDF39C0015A988 /* TiltTest-Attitute-Value-Check.app */ = {isa = PBXFileReference; explicitFileType = wrapper.application; includeInIndex = 0; path = "TiltTest-Attitute-Value-Check.app"; sourceTree = BUILT_PRODUCTS_DIR; };
		913C7B3A2CEDF39E0015A988 /* TiltTest-Attitute-Value-CheckTests.xctest */ = {isa = PBXFileReference; explicitFileType = wrapper.cfbundle; includeInIndex = 0; path = "TiltTest-Attitute-Value-CheckTests.xctest"; sourceTree = BUILT_PRODUCTS_DIR; };
		913C7B442CEDF39E0015A988 /* TiltTest-Attitute-Value-CheckUITests.xctest */ = {isa = PBXFileReference; explicitFileType = wrapper.cfbundle; includeInIndex = 0; path = "TiltTest-Attitute-Value-CheckUITests.xctest"; sourceTree = BUILT_PRODUCTS_DIR; };
/* End PBXFileReference section */

/* Begin PBXFileSystemSynchronizedRootGroup section */
		913C7B2C2CEDF39C0015A988 /* TiltTest-Attitute-Value-Check */ = {
			isa = PBXFileSystemSynchronizedRootGroup;
			path = "TiltTest-Attitute-Value-Check";
			sourceTree = "<group>";
		};
		913C7B3D2CEDF39E0015A988 /* TiltTest-Attitute-Value-CheckTests */ = {
			isa = PBXFileSystemSynchronizedRootGroup;
			path = "TiltTest-Attitute-Value-CheckTests";
			sourceTree = "<group>";
		};
		913C7B472CEDF39E0015A988 /* TiltTest-Attitute-Value-CheckUITests */ = {
			isa = PBXFileSystemSynchronizedRootGroup;
			path = "TiltTest-Attitute-Value-CheckUITests";
			sourceTree = "<group>";
		};
/* End PBXFileSystemSynchronizedRootGroup section */

/* Begin PBXFrameworksBuildPhase section */
		913C7B272CEDF39C0015A988 /* Frameworks */ = {
			isa = PBXFrameworksBuildPhase;
			buildActionMask = 2147483647;
			files = (
			);
			runOnlyForDeploymentPostprocessing = 0;
		};
		913C7B372CEDF39E0015A988 /* Frameworks */ = {
			isa = PBXFrameworksBuildPhase;
			buildActionMask = 2147483647;
			files = (
			);
			runOnlyForDeploymentPostprocessing = 0;
		};
		913C7B412CEDF39E0015A988 /* Frameworks */ = {
			isa = PBXFrameworksBuildPhase;
			buildActionMask = 2147483647;
			files = (
			);
			runOnlyForDeploymentPostprocessing = 0;
		};
/* End PBXFrameworksBuildPhase section */

/* Begin PBXGroup section */
		913C7B212CEDF39C0015A988 = {
			isa = PBXGroup;
			children = (
				913C7B2C2CEDF39C0015A988 /* TiltTest-Attitute-Value-Check */,
				913C7B3D2CEDF39E0015A988 /* TiltTest-Attitute-Value-CheckTests */,
				913C7B472CEDF39E0015A988 /* TiltTest-Attitute-Value-CheckUITests */,
				913C7B2B2CEDF39C0015A988 /* Products */,
			);
			sourceTree = "<group>";
		};
		913C7B2B2CEDF39C0015A988 /* Products */ = {
			isa = PBXGroup;
			children = (
				913C7B2A2CEDF39C0015A988 /* TiltTest-Attitute-Value-Check.app */,
				913C7B3A2CEDF39E0015A988 /* TiltTest-Attitute-Value-CheckTests.xctest */,
				913C7B442CEDF39E0015A988 /* TiltTest-Attitute-Value-CheckUITests.xctest */,
			);
			name = Products;
			sourceTree = "<group>";
		};
/* End PBXGroup section */

/* Begin PBXNativeTarget section */
		913C7B292CEDF39C0015A988 /* TiltTest-Attitute-Value-Check */ = {
			isa = PBXNativeTarget;
			buildConfigurationList = 913C7B4E2CEDF39E0015A988 /* Build configuration list for PBXNativeTarget "TiltTest-Attitute-Value-Check" */;
			buildPhases = (
				913C7B262CEDF39C0015A988 /* Sources */,
				913C7B272CEDF39C0015A988 /* Frameworks */,
				913C7B282CEDF39C0015A988 /* Resources */,
			);
			buildRules = (
			);
			dependencies = (
			);
			fileSystemSynchronizedGroups = (
				913C7B2C2CEDF39C0015A988 /* TiltTest-Attitute-Value-Check */,
			);
			name = "TiltTest-Attitute-Value-Check";
			packageProductDependencies = (
			);
			productName = "TiltTest-Attitute-Value-Check";
			productReference = 913C7B2A2CEDF39C0015A988 /* TiltTest-Attitute-Value-Check.app */;
			productType = "com.apple.product-type.application";
		};
		913C7B392CEDF39E0015A988 /* TiltTest-Attitute-Value-CheckTests */ = {
			isa = PBXNativeTarget;
			buildConfigurationList = 913C7B512CEDF39E0015A988 /* Build configuration list for PBXNativeTarget "TiltTest-Attitute-Value-CheckTests" */;
			buildPhases = (
				913C7B362CEDF39E0015A988 /* Sources */,
				913C7B372CEDF39E0015A988 /* Frameworks */,
				913C7B382CEDF39E0015A988 /* Resources */,
			);
			buildRules = (
			);
			dependencies = (
				913C7B3C2CEDF39E0015A988 /* PBXTargetDependency */,
			);
			fileSystemSynchronizedGroups = (
				913C7B3D2CEDF39E0015A988 /* TiltTest-Attitute-Value-CheckTests */,
			);
			name = "TiltTest-Attitute-Value-CheckTests";
			packageProductDependencies = (
			);
			productName = "TiltTest-Attitute-Value-CheckTests";
			productReference = 913C7B3A2CEDF39E0015A988 /* TiltTest-Attitute-Value-CheckTests.xctest */;
			productType = "com.apple.product-type.bundle.unit-test";
		};
		913C7B432CEDF39E0015A988 /* TiltTest-Attitute-Value-CheckUITests */ = {
			isa = PBXNativeTarget;
			buildConfigurationList = 913C7B542CEDF39E0015A988 /* Build configuration list for PBXNativeTarget "TiltTest-Attitute-Value-CheckUITests" */;
			buildPhases = (
				913C7B402CEDF39E0015A988 /* Sources */,
				913C7B412CEDF39E0015A988 /* Frameworks */,
				913C7B422CEDF39E0015A988 /* Resources */,
			);
			buildRules = (
			);
			dependencies = (
				913C7B462CEDF39E0015A988 /* PBXTargetDependency */,
			);
			fileSystemSynchronizedGroups = (
				913C7B472CEDF39E0015A988 /* TiltTest-Attitute-Value-CheckUITests */,
			);
			name = "TiltTest-Attitute-Value-CheckUITests";
			packageProductDependencies = (
			);
			productName = "TiltTest-Attitute-Value-CheckUITests";
			productReference = 913C7B442CEDF39E0015A988 /* TiltTest-Attitute-Value-CheckUITests.xctest */;
			productType = "com.apple.product-type.bundle.ui-testing";
		};
/* End PBXNativeTarget section */

/* Begin PBXProject section */
		913C7B222CEDF39C0015A988 /* Project object */ = {
			isa = PBXProject;
			attributes = {
				BuildIndependentTargetsInParallel = 1;
				LastSwiftUpdateCheck = 1600;
				LastUpgradeCheck = 1600;
				TargetAttributes = {
					913C7B292CEDF39C0015A988 = {
						CreatedOnToolsVersion = 16.0;
					};
					913C7B392CEDF39E0015A988 = {
						CreatedOnToolsVersion = 16.0;
						TestTargetID = 913C7B292CEDF39C0015A988;
					};
					913C7B432CEDF39E0015A988 = {
						CreatedOnToolsVersion = 16.0;
						TestTargetID = 913C7B292CEDF39C0015A988;
					};
				};
			};
			buildConfigurationList = 913C7B252CEDF39C0015A988 /* Build configuration list for PBXProject "TiltTest-Attitute-Value-Check" */;
			developmentRegion = en;
			hasScannedForEncodings = 0;
			knownRegions = (
				en,
				Base,
			);
			mainGroup = 913C7B212CEDF39C0015A988;
			minimizedProjectReferenceProxies = 1;
			preferredProjectObjectVersion = 77;
			productRefGroup = 913C7B2B2CEDF39C0015A988 /* Products */;
			projectDirPath = "";
			projectRoot = "";
			targets = (
				913C7B292CEDF39C0015A988 /* TiltTest-Attitute-Value-Check */,
				913C7B392CEDF39E0015A988 /* TiltTest-Attitute-Value-CheckTests */,
				913C7B432CEDF39E0015A988 /* TiltTest-Attitute-Value-CheckUITests */,
			);
		};
/* End PBXProject section */

/* Begin PBXResourcesBuildPhase section */
		913C7B282CEDF39C0015A988 /* Resources */ = {
			isa = PBXResourcesBuildPhase;
			buildActionMask = 2147483647;
			files = (
			);
			runOnlyForDeploymentPostprocessing = 0;
		};
		913C7B382CEDF39E0015A988 /* Resources */ = {
			isa = PBXResourcesBuildPhase;
			buildActionMask = 2147483647;
			files = (
			);
			runOnlyForDeploymentPostprocessing = 0;
		};
		913C7B422CEDF39E0015A988 /* Resources */ = {
			isa = PBXResourcesBuildPhase;
			buildActionMask = 2147483647;
			files = (
			);
			runOnlyForDeploymentPostprocessing = 0;
		};
/* End PBXResourcesBuildPhase section */

/* Begin PBXSourcesBuildPhase section */
		913C7B262CEDF39C0015A988 /* Sources */ = {
			isa = PBXSourcesBuildPhase;
			buildActionMask = 2147483647;
			files = (
			);
			runOnlyForDeploymentPostprocessing = 0;
		};
		913C7B362CEDF39E0015A988 /* Sources */ = {
			isa = PBXSourcesBuildPhase;
			buildActionMask = 2147483647;
			files = (
			);
			runOnlyForDeploymentPostprocessing = 0;
		};
		913C7B402CEDF39E0015A988 /* Sources */ = {
			isa = PBXSourcesBuildPhase;
			buildActionMask = 2147483647;
			files = (
			);
			runOnlyForDeploymentPostprocessing = 0;
		};
/* End PBXSourcesBuildPhase section */

/* Begin PBXTargetDependency section */
		913C7B3C2CEDF39E0015A988 /* PBXTargetDependency */ = {
			isa = PBXTargetDependency;
			target = 913C7B292CEDF39C0015A988 /* TiltTest-Attitute-Value-Check */;
			targetProxy = 913C7B3B2CEDF39E0015A988 /* PBXContainerItemProxy */;
		};
		913C7B462CEDF39E0015A988 /* PBXTargetDependency */ = {
			isa = PBXTargetDependency;
			target = 913C7B292CEDF39C0015A988 /* TiltTest-Attitute-Value-Check */;
			targetProxy = 913C7B452CEDF39E0015A988 /* PBXContainerItemProxy */;
		};
/* End PBXTargetDependency section */

/* Begin XCBuildConfiguration section */
		913C7B4C2CEDF39E0015A988 /* Debug */ = {
			isa = XCBuildConfiguration;
			buildSettings = {
				ALWAYS_SEARCH_USER_PATHS = NO;
				ASSETCATALOG_COMPILER_GENERATE_SWIFT_ASSET_SYMBOL_EXTENSIONS = YES;
				CLANG_ANALYZER_NONNULL = YES;
				CLANG_ANALYZER_NUMBER_OBJECT_CONVERSION = YES_AGGRESSIVE;
				CLANG_CXX_LANGUAGE_STANDARD = "gnu++20";
				CLANG_ENABLE_MODULES = YES;
				CLANG_ENABLE_OBJC_ARC = YES;
				CLANG_ENABLE_OBJC_WEAK = YES;
				CLANG_WARN_BLOCK_CAPTURE_AUTORELEASING = YES;
				CLANG_WARN_BOOL_CONVERSION = YES;
				CLANG_WARN_COMMA = YES;
				CLANG_WARN_CONSTANT_CONVERSION = YES;
				CLANG_WARN_DEPRECATED_OBJC_IMPLEMENTATIONS = YES;
				CLANG_WARN_DIRECT_OBJC_ISA_USAGE = YES_ERROR;
				CLANG_WARN_DOCUMENTATION_COMMENTS = YES;
				CLANG_WARN_EMPTY_BODY = YES;
				CLANG_WARN_ENUM_CONVERSION = YES;
				CLANG_WARN_INFINITE_RECURSION = YES;
				CLANG_WARN_INT_CONVERSION = YES;
				CLANG_WARN_NON_LITERAL_NULL_CONVERSION = YES;
				CLANG_WARN_OBJC_IMPLICIT_RETAIN_SELF = YES;
				CLANG_WARN_OBJC_LITERAL_CONVERSION = YES;
				CLANG_WARN_OBJC_ROOT_CLASS = YES_ERROR;
				CLANG_WARN_QUOTED_INCLUDE_IN_FRAMEWORK_HEADER = YES;
				CLANG_WARN_RANGE_LOOP_ANALYSIS = YES;
				CLANG_WARN_STRICT_PROTOTYPES = YES;
				CLANG_WARN_SUSPICIOUS_MOVE = YES;
				CLANG_WARN_UNGUARDED_AVAILABILITY = YES_AGGRESSIVE;
				CLANG_WARN_UNREACHABLE_CODE = YES;
				CLANG_WARN__DUPLICATE_METHOD_MATCH = YES;
				COPY_PHASE_STRIP = NO;
				DEBUG_INFORMATION_FORMAT = dwarf;
				ENABLE_STRICT_OBJC_MSGSEND = YES;
				ENABLE_TESTABILITY = YES;
				ENABLE_USER_SCRIPT_SANDBOXING = YES;
				GCC_C_LANGUAGE_STANDARD = gnu17;
				GCC_DYNAMIC_NO_PIC = NO;
				GCC_NO_COMMON_BLOCKS = YES;
				GCC_OPTIMIZATION_LEVEL = 0;
				GCC_PREPROCESSOR_DEFINITIONS = (
					"DEBUG=1",
					"$(inherited)",
				);
				GCC_WARN_64_TO_32_BIT_CONVERSION = YES;
				GCC_WARN_ABOUT_RETURN_TYPE = YES_ERROR;
				GCC_WARN_UNDECLARED_SELECTOR = YES;
				GCC_WARN_UNINITIALIZED_AUTOS = YES_AGGRESSIVE;
				GCC_WARN_UNUSED_FUNCTION = YES;
				GCC_WARN_UNUSED_VARIABLE = YES;
				IPHONEOS_DEPLOYMENT_TARGET = 18.0;
				LOCALIZATION_PREFERS_STRING_CATALOGS = YES;
				MTL_ENABLE_DEBUG_INFO = INCLUDE_SOURCE;
				MTL_FAST_MATH = YES;
				ONLY_ACTIVE_ARCH = YES;
				SDKROOT = iphoneos;
				SWIFT_ACTIVE_COMPILATION_CONDITIONS = "DEBUG $(inherited)";
				SWIFT_OPTIMIZATION_LEVEL = "-Onone";
			};
			name = Debug;
		};
		913C7B4D2CEDF39E0015A988 /* Release */ = {
			isa = XCBuildConfiguration;
			buildSettings = {
				ALWAYS_SEARCH_USER_PATHS = NO;
				ASSETCATALOG_COMPILER_GENERATE_SWIFT_ASSET_SYMBOL_EXTENSIONS = YES;
				CLANG_ANALYZER_NONNULL = YES;
				CLANG_ANALYZER_NUMBER_OBJECT_CONVERSION = YES_AGGRESSIVE;
				CLANG_CXX_LANGUAGE_STANDARD = "gnu++20";
				CLANG_ENABLE_MODULES = YES;
				CLANG_ENABLE_OBJC_ARC = YES;
				CLANG_ENABLE_OBJC_WEAK = YES;
				CLANG_WARN_BLOCK_CAPTURE_AUTORELEASING = YES;
				CLANG_WARN_BOOL_CONVERSION = YES;
				CLANG_WARN_COMMA = YES;
				CLANG_WARN_CONSTANT_CONVERSION = YES;
				CLANG_WARN_DEPRECATED_OBJC_IMPLEMENTATIONS = YES;
				CLANG_WARN_DIRECT_OBJC_ISA_USAGE = YES_ERROR;
				CLANG_WARN_DOCUMENTATION_COMMENTS = YES;
				CLANG_WARN_EMPTY_BODY = YES;
				CLANG_WARN_ENUM_CONVERSION = YES;
				CLANG_WARN_INFINITE_RECURSION = YES;
				CLANG_WARN_INT_CONVERSION = YES;
				CLANG_WARN_NON_LITERAL_NULL_CONVERSION = YES;
				CLANG_WARN_OBJC_IMPLICIT_RETAIN_SELF = YES;
				CLANG_WARN_OBJC_LITERAL_CONVERSION = YES;
				CLANG_WARN_OBJC_ROOT_CLASS = YES_ERROR;
				CLANG_WARN_QUOTED_INCLUDE_IN_FRAMEWORK_HEADER = YES;
				CLANG_WARN_RANGE_LOOP_ANALYSIS = YES;
				CLANG_WARN_STRICT_PROTOTYPES = YES;
				CLANG_WARN_SUSPICIOUS_MOVE = YES;
				CLANG_WARN_UNGUARDED_AVAILABILITY = YES_AGGRESSIVE;
				CLANG_WARN_UNREACHABLE_CODE = YES;
				CLANG_WARN__DUPLICATE_METHOD_MATCH = YES;
				COPY_PHASE_STRIP = NO;
				DEBUG_INFORMATION_FORMAT = "dwarf-with-dsym";
				ENABLE_NS_ASSERTIONS = NO;
				ENABLE_STRICT_OBJC_MSGSEND = YES;
				ENABLE_USER_SCRIPT_SANDBOXING = YES;
				GCC_C_LANGUAGE_STANDARD = gnu17;
				GCC_NO_COMMON_BLOCKS = YES;
				GCC_WARN_64_TO_32_BIT_CONVERSION = YES;
				GCC_WARN_ABOUT_RETURN_TYPE = YES_ERROR;
				GCC_WARN_UNDECLARED_SELECTOR = YES;
				GCC_WARN_UNINITIALIZED_AUTOS = YES_AGGRESSIVE;
				GCC_WARN_UNUSED_FUNCTION = YES;
				GCC_WARN_UNUSED_VARIABLE = YES;
				IPHONEOS_DEPLOYMENT_TARGET = 18.0;
				LOCALIZATION_PREFERS_STRING_CATALOGS = YES;
				MTL_ENABLE_DEBUG_INFO = NO;
				MTL_FAST_MATH = YES;
				SDKROOT = iphoneos;
				SWIFT_COMPILATION_MODE = wholemodule;
				VALIDATE_PRODUCT = YES;
			};
			name = Release;
		};
		913C7B4F2CEDF39E0015A988 /* Debug */ = {
			isa = XCBuildConfiguration;
			buildSettings = {
				ASSETCATALOG_COMPILER_APPICON_NAME = AppIcon;
				ASSETCATALOG_COMPILER_GLOBAL_ACCENT_COLOR_NAME = AccentColor;
				CODE_SIGN_STYLE = Automatic;
				CURRENT_PROJECT_VERSION = 1;
				DEVELOPMENT_ASSET_PATHS = "\"TiltTest-Attitute-Value-Check/Preview Content\"";
				DEVELOPMENT_TEAM = BD7Y2B4ZKU;
				ENABLE_PREVIEWS = YES;
				GENERATE_INFOPLIST_FILE = YES;
				INFOPLIST_KEY_UIApplicationSceneManifest_Generation = YES;
				INFOPLIST_KEY_UIApplicationSupportsIndirectInputEvents = YES;
				INFOPLIST_KEY_UILaunchScreen_Generation = YES;
				INFOPLIST_KEY_UISupportedInterfaceOrientations_iPad = "UIInterfaceOrientationPortrait UIInterfaceOrientationPortraitUpsideDown UIInterfaceOrientationLandscapeLeft UIInterfaceOrientationLandscapeRight";
				INFOPLIST_KEY_UISupportedInterfaceOrientations_iPhone = "UIInterfaceOrientationPortrait UIInterfaceOrientationLandscapeLeft UIInterfaceOrientationLandscapeRight";
				IPHONEOS_DEPLOYMENT_TARGET = 16.0;
				LD_RUNPATH_SEARCH_PATHS = (
					"$(inherited)",
					"@executable_path/Frameworks",
				);
				MARKETING_VERSION = 1.0;
				PRODUCT_BUNDLE_IDENTIFIER = "azmal.TiltTest-Attitute-Value-Check";
				PRODUCT_NAME = "$(TARGET_NAME)";
				SWIFT_EMIT_LOC_STRINGS = YES;
				SWIFT_VERSION = 5.0;
				TARGETED_DEVICE_FAMILY = "1,2";
			};
			name = Debug;
		};
		913C7B502CEDF39E0015A988 /* Release */ = {
			isa = XCBuildConfiguration;
			buildSettings = {
				ASSETCATALOG_COMPILER_APPICON_NAME = AppIcon;
				ASSETCATALOG_COMPILER_GLOBAL_ACCENT_COLOR_NAME = AccentColor;
				CODE_SIGN_STYLE = Automatic;
				CURRENT_PROJECT_VERSION = 1;
				DEVELOPMENT_ASSET_PATHS = "\"TiltTest-Attitute-Value-Check/Preview Content\"";
				DEVELOPMENT_TEAM = BD7Y2B4ZKU;
				ENABLE_PREVIEWS = YES;
				GENERATE_INFOPLIST_FILE = YES;
				INFOPLIST_KEY_UIApplicationSceneManifest_Generation = YES;
				INFOPLIST_KEY_UIApplicationSupportsIndirectInputEvents = YES;
				INFOPLIST_KEY_UILaunchScreen_Generation = YES;
				INFOPLIST_KEY_UISupportedInterfaceOrientations_iPad = "UIInterfaceOrientationPortrait UIInterfaceOrientationPortraitUpsideDown UIInterfaceOrientationLandscapeLeft UIInterfaceOrientationLandscapeRight";
				INFOPLIST_KEY_UISupportedInterfaceOrientations_iPhone = "UIInterfaceOrientationPortrait UIInterfaceOrientationLandscapeLeft UIInterfaceOrientationLandscapeRight";
				IPHONEOS_DEPLOYMENT_TARGET = 16.0;
				LD_RUNPATH_SEARCH_PATHS = (
					"$(inherited)",
					"@executable_path/Frameworks",
				);
				MARKETING_VERSION = 1.0;
				PRODUCT_BUNDLE_IDENTIFIER = "azmal.TiltTest-Attitute-Value-Check";
				PRODUCT_NAME = "$(TARGET_NAME)";
				SWIFT_EMIT_LOC_STRINGS = YES;
				SWIFT_VERSION = 5.0;
				TARGETED_DEVICE_FAMILY = "1,2";
			};
			name = Release;
		};
		913C7B522CEDF39E0015A988 /* Debug */ = {
			isa = XCBuildConfiguration;
			buildSettings = {
				BUNDLE_LOADER = "$(TEST_HOST)";
				CODE_SIGN_STYLE = Automatic;
				CURRENT_PROJECT_VERSION = 1;
				DEVELOPMENT_TEAM = BD7Y2B4ZKU;
				GENERATE_INFOPLIST_FILE = YES;
				IPHONEOS_DEPLOYMENT_TARGET = 18.0;
				MARKETING_VERSION = 1.0;
				PRODUCT_BUNDLE_IDENTIFIER = "azmal.TiltTest-Attitute-Value-CheckTests";
				PRODUCT_NAME = "$(TARGET_NAME)";
				SWIFT_EMIT_LOC_STRINGS = NO;
				SWIFT_VERSION = 5.0;
				TARGETED_DEVICE_FAMILY = "1,2";
				TEST_HOST = "$(BUILT_PRODUCTS_DIR)/TiltTest-Attitute-Value-Check.app/$(BUNDLE_EXECUTABLE_FOLDER_PATH)/TiltTest-Attitute-Value-Check";
			};
			name = Debug;
		};
		913C7B532CEDF39E0015A988 /* Release */ = {
			isa = XCBuildConfiguration;
			buildSettings = {
				BUNDLE_LOADER = "$(TEST_HOST)";
				CODE_SIGN_STYLE = Automatic;
				CURRENT_PROJECT_VERSION = 1;
				DEVELOPMENT_TEAM = BD7Y2B4ZKU;
				GENERATE_INFOPLIST_FILE = YES;
				IPHONEOS_DEPLOYMENT_TARGET = 18.0;
				MARKETING_VERSION = 1.0;
				PRODUCT_BUNDLE_IDENTIFIER = "azmal.TiltTest-Attitute-Value-CheckTests";
				PRODUCT_NAME = "$(TARGET_NAME)";
				SWIFT_EMIT_LOC_STRINGS = NO;
				SWIFT_VERSION = 5.0;
				TARGETED_DEVICE_FAMILY = "1,2";
				TEST_HOST = "$(BUILT_PRODUCTS_DIR)/TiltTest-Attitute-Value-Check.app/$(BUNDLE_EXECUTABLE_FOLDER_PATH)/TiltTest-Attitute-Value-Check";
			};
			name = Release;
		};
		913C7B552CEDF39E0015A988 /* Debug */ = {
			isa = XCBuildConfiguration;
			buildSettings = {
				CODE_SIGN_STYLE = Automatic;
				CURRENT_PROJECT_VERSION = 1;
				DEVELOPMENT_TEAM = BD7Y2B4ZKU;
				GENERATE_INFOPLIST_FILE = YES;
				MARKETING_VERSION = 1.0;
				PRODUCT_BUNDLE_IDENTIFIER = "azmal.TiltTest-Attitute-Value-CheckUITests";
				PRODUCT_NAME = "$(TARGET_NAME)";
				SWIFT_EMIT_LOC_STRINGS = NO;
				SWIFT_VERSION = 5.0;
				TARGETED_DEVICE_FAMILY = "1,2";
				TEST_TARGET_NAME = "TiltTest-Attitute-Value-Check";
			};
			name = Debug;
		};
		913C7B562CEDF39E0015A988 /* Release */ = {
			isa = XCBuildConfiguration;
			buildSettings = {
				CODE_SIGN_STYLE = Automatic;
				CURRENT_PROJECT_VERSION = 1;
				DEVELOPMENT_TEAM = BD7Y2B4ZKU;
				GENERATE_INFOPLIST_FILE = YES;
				MARKETING_VERSION = 1.0;
				PRODUCT_BUNDLE_IDENTIFIER = "azmal.TiltTest-Attitute-Value-CheckUITests";
				PRODUCT_NAME = "$(TARGET_NAME)";
				SWIFT_EMIT_LOC_STRINGS = NO;
				SWIFT_VERSION = 5.0;
				TARGETED_DEVICE_FAMILY = "1,2";
				TEST_TARGET_NAME = "TiltTest-Attitute-Value-Check";
			};
			name = Release;
		};
/* End XCBuildConfiguration section */

/* Begin XCConfigurationList section */
		913C7B252CEDF39C0015A988 /* Build configuration list for PBXProject "TiltTest-Attitute-Value-Check" */ = {
			isa = XCConfigurationList;
			buildConfigurations = (
				913C7B4C2CEDF39E0015A988 /* Debug */,
				913C7B4D2CEDF39E0015A988 /* Release */,
			);
			defaultConfigurationIsVisible = 0;
			defaultConfigurationName = Release;
		};
		913C7B4E2CEDF39E0015A988 /* Build configuration list for PBXNativeTarget "TiltTest-Attitute-Value-Check" */ = {
			isa = XCConfigurationList;
			buildConfigurations = (
				913C7B4F2CEDF39E0015A988 /* Debug */,
				913C7B502CEDF39E0015A988 /* Release */,
			);
			defaultConfigurationIsVisible = 0;
			defaultConfigurationName = Release;
		};
		913C7B512CEDF39E0015A988 /* Build configuration list for PBXNativeTarget "TiltTest-Attitute-Value-CheckTests" */ = {
			isa = XCConfigurationList;
			buildConfigurations = (
				913C7B522CEDF39E0015A988 /* Debug */,
				913C7B532CEDF39E0015A988 /* Release */,
			);
			defaultConfigurationIsVisible = 0;
			defaultConfigurationName = Release;
		};
		913C7B542CEDF39E0015A988 /* Build configuration list for PBXNativeTarget "TiltTest-Attitute-Value-CheckUITests" */ = {
			isa = XCConfigurationList;
			buildConfigurations = (
				913C7B552CEDF39E0015A988 /* Debug */,
				913C7B562CEDF39E0015A988 /* Release */,
			);
			defaultConfigurationIsVisible = 0;
			defaultConfigurationName = Release;
		};
/* End XCConfigurationList section */
	};
	rootObject = 913C7B222CEDF39C0015A988 /* Project object */;
}
